// !$*UTF8*$!
{
	archiveVersion = 1;
	classes = {
	};
	objectVersion = 56;
	objects = {

/* Begin PBXBuildFile section */
		2C67E0FA2A9159090075181A /* TwCenMT-Regular.ttf in Resources */ = {isa = PBXBuildFile; fileRef = 2C67E0F92A9159090075181A /* TwCenMT-Regular.ttf */; };
		2CD4D5E02A8EDAE6004217E0 /* PhillyCustomDJApp.swift in Sources */ = {isa = PBXBuildFile; fileRef = 2CD4D5DF2A8EDAE6004217E0 /* PhillyCustomDJApp.swift */; };
		2CD4D5E22A8EDAE6004217E0 /* ContentView.swift in Sources */ = {isa = PBXBuildFile; fileRef = 2CD4D5E12A8EDAE6004217E0 /* ContentView.swift */; };
		2CD4D5E42A8EDAE6004217E0 /* Assets.xcassets in Resources */ = {isa = PBXBuildFile; fileRef = 2CD4D5E32A8EDAE6004217E0 /* Assets.xcassets */; };
		2CD4D5E72A8EDAE6004217E0 /* Preview Assets.xcassets in Resources */ = {isa = PBXBuildFile; fileRef = 2CD4D5E62A8EDAE6004217E0 /* Preview Assets.xcassets */; };
		2CD4D5F12A8EDAE6004217E0 /* PhillyCustomDJTests.swift in Sources */ = {isa = PBXBuildFile; fileRef = 2CD4D5F02A8EDAE6004217E0 /* PhillyCustomDJTests.swift */; };
		2CD4D5FB2A8EDAE6004217E0 /* PhillyCustomDJUITests.swift in Sources */ = {isa = PBXBuildFile; fileRef = 2CD4D5FA2A8EDAE6004217E0 /* PhillyCustomDJUITests.swift */; };
		2CD4D5FD2A8EDAE6004217E0 /* PhillyCustomDJUITestsLaunchTests.swift in Sources */ = {isa = PBXBuildFile; fileRef = 2CD4D5FC2A8EDAE6004217E0 /* PhillyCustomDJUITestsLaunchTests.swift */; };
		2CD4D60A2A8EDDB5004217E0 /* CocktailView.swift in Sources */ = {isa = PBXBuildFile; fileRef = 2CD4D6092A8EDDB5004217E0 /* CocktailView.swift */; };
		2CD4D60C2A8EDEFC004217E0 /* EventView.swift in Sources */ = {isa = PBXBuildFile; fileRef = 2CD4D60B2A8EDEFC004217E0 /* EventView.swift */; };
/* End PBXBuildFile section */

/* Begin PBXContainerItemProxy section */
		2CD4D5ED2A8EDAE6004217E0 /* PBXContainerItemProxy */ = {
			isa = PBXContainerItemProxy;
			containerPortal = 2CD4D5D42A8EDAE6004217E0 /* Project object */;
			proxyType = 1;
			remoteGlobalIDString = 2CD4D5DB2A8EDAE6004217E0;
			remoteInfo = PhillyCustomDJ;
		};
		2CD4D5F72A8EDAE6004217E0 /* PBXContainerItemProxy */ = {
			isa = PBXContainerItemProxy;
			containerPortal = 2CD4D5D42A8EDAE6004217E0 /* Project object */;
			proxyType = 1;
			remoteGlobalIDString = 2CD4D5DB2A8EDAE6004217E0;
			remoteInfo = PhillyCustomDJ;
		};
/* End PBXContainerItemProxy section */

/* Begin PBXFileReference section */
		2C67E0F92A9159090075181A /* TwCenMT-Regular.ttf */ = {isa = PBXFileReference; lastKnownFileType = file; name = "TwCenMT-Regular.ttf"; path = "../../../Downloads/Twentieth Century Font/TwCenMT-Regular.ttf"; sourceTree = "<group>"; };
		2C67E0FB2A915BE50075181A /* Info.plist */ = {isa = PBXFileReference; lastKnownFileType = text.plist; path = Info.plist; sourceTree = "<group>"; };
		2CD4D5DC2A8EDAE6004217E0 /* PhillyCustomDJ.app */ = {isa = PBXFileReference; explicitFileType = wrapper.application; includeInIndex = 0; path = PhillyCustomDJ.app; sourceTree = BUILT_PRODUCTS_DIR; };
		2CD4D5DF2A8EDAE6004217E0 /* PhillyCustomDJApp.swift */ = {isa = PBXFileReference; lastKnownFileType = sourcecode.swift; path = PhillyCustomDJApp.swift; sourceTree = "<group>"; };
		2CD4D5E12A8EDAE6004217E0 /* ContentView.swift */ = {isa = PBXFileReference; lastKnownFileType = sourcecode.swift; path = ContentView.swift; sourceTree = "<group>"; };
		2CD4D5E32A8EDAE6004217E0 /* Assets.xcassets */ = {isa = PBXFileReference; lastKnownFileType = folder.assetcatalog; path = Assets.xcassets; sourceTree = "<group>"; };
		2CD4D5E62A8EDAE6004217E0 /* Preview Assets.xcassets */ = {isa = PBXFileReference; lastKnownFileType = folder.assetcatalog; path = "Preview Assets.xcassets"; sourceTree = "<group>"; };
		2CD4D5EC2A8EDAE6004217E0 /* PhillyCustomDJTests.xctest */ = {isa = PBXFileReference; explicitFileType = wrapper.cfbundle; includeInIndex = 0; path = PhillyCustomDJTests.xctest; sourceTree = BUILT_PRODUCTS_DIR; };
		2CD4D5F02A8EDAE6004217E0 /* PhillyCustomDJTests.swift */ = {isa = PBXFileReference; lastKnownFileType = sourcecode.swift; path = PhillyCustomDJTests.swift; sourceTree = "<group>"; };
		2CD4D5F62A8EDAE6004217E0 /* PhillyCustomDJUITests.xctest */ = {isa = PBXFileReference; explicitFileType = wrapper.cfbundle; includeInIndex = 0; path = PhillyCustomDJUITests.xctest; sourceTree = BUILT_PRODUCTS_DIR; };
		2CD4D5FA2A8EDAE6004217E0 /* PhillyCustomDJUITests.swift */ = {isa = PBXFileReference; lastKnownFileType = sourcecode.swift; path = PhillyCustomDJUITests.swift; sourceTree = "<group>"; };
		2CD4D5FC2A8EDAE6004217E0 /* PhillyCustomDJUITestsLaunchTests.swift */ = {isa = PBXFileReference; lastKnownFileType = sourcecode.swift; path = PhillyCustomDJUITestsLaunchTests.swift; sourceTree = "<group>"; };
		2CD4D6092A8EDDB5004217E0 /* CocktailView.swift */ = {isa = PBXFileReference; lastKnownFileType = sourcecode.swift; path = CocktailView.swift; sourceTree = "<group>"; };
		2CD4D60B2A8EDEFC004217E0 /* EventView.swift */ = {isa = PBXFileReference; lastKnownFileType = sourcecode.swift; path = EventView.swift; sourceTree = "<group>"; };
/* End PBXFileReference section */

/* Begin PBXFrameworksBuildPhase section */
		2CD4D5D92A8EDAE6004217E0 /* Frameworks */ = {
			isa = PBXFrameworksBuildPhase;
			buildActionMask = 2147483647;
			files = (
			);
			runOnlyForDeploymentPostprocessing = 0;
		};
		2CD4D5E92A8EDAE6004217E0 /* Frameworks */ = {
			isa = PBXFrameworksBuildPhase;
			buildActionMask = 2147483647;
			files = (
			);
			runOnlyForDeploymentPostprocessing = 0;
		};
		2CD4D5F32A8EDAE6004217E0 /* Frameworks */ = {
			isa = PBXFrameworksBuildPhase;
			buildActionMask = 2147483647;
			files = (
			);
			runOnlyForDeploymentPostprocessing = 0;
		};
/* End PBXFrameworksBuildPhase section */

/* Begin PBXGroup section */
		2CD4D5D32A8EDAE6004217E0 = {
			isa = PBXGroup;
			children = (
				2CD4D5DE2A8EDAE6004217E0 /* PhillyCustomDJ */,
				2CD4D5EF2A8EDAE6004217E0 /* PhillyCustomDJTests */,
				2CD4D5F92A8EDAE6004217E0 /* PhillyCustomDJUITests */,
				2CD4D5DD2A8EDAE6004217E0 /* Products */,
			);
			sourceTree = "<group>";
		};
		2CD4D5DD2A8EDAE6004217E0 /* Products */ = {
			isa = PBXGroup;
			children = (
				2CD4D5DC2A8EDAE6004217E0 /* PhillyCustomDJ.app */,
				2CD4D5EC2A8EDAE6004217E0 /* PhillyCustomDJTests.xctest */,
				2CD4D5F62A8EDAE6004217E0 /* PhillyCustomDJUITests.xctest */,
			);
			name = Products;
			sourceTree = "<group>";
		};
		2CD4D5DE2A8EDAE6004217E0 /* PhillyCustomDJ */ = {
			isa = PBXGroup;
			children = (
				2C67E0FB2A915BE50075181A /* Info.plist */,
				2C67E0F92A9159090075181A /* TwCenMT-Regular.ttf */,
				2CD4D5DF2A8EDAE6004217E0 /* PhillyCustomDJApp.swift */,
				2CD4D5E12A8EDAE6004217E0 /* ContentView.swift */,
				2CD4D60B2A8EDEFC004217E0 /* EventView.swift */,
				2CD4D6092A8EDDB5004217E0 /* CocktailView.swift */,
				2CD4D5E32A8EDAE6004217E0 /* Assets.xcassets */,
				2CD4D5E52A8EDAE6004217E0 /* Preview Content */,
			);
			path = PhillyCustomDJ;
			sourceTree = "<group>";
		};
		2CD4D5E52A8EDAE6004217E0 /* Preview Content */ = {
			isa = PBXGroup;
			children = (
				2CD4D5E62A8EDAE6004217E0 /* Preview Assets.xcassets */,
			);
			path = "Preview Content";
			sourceTree = "<group>";
		};
		2CD4D5EF2A8EDAE6004217E0 /* PhillyCustomDJTests */ = {
			isa = PBXGroup;
			children = (
				2CD4D5F02A8EDAE6004217E0 /* PhillyCustomDJTests.swift */,
			);
			path = PhillyCustomDJTests;
			sourceTree = "<group>";
		};
		2CD4D5F92A8EDAE6004217E0 /* PhillyCustomDJUITests */ = {
			isa = PBXGroup;
			children = (
				2CD4D5FA2A8EDAE6004217E0 /* PhillyCustomDJUITests.swift */,
				2CD4D5FC2A8EDAE6004217E0 /* PhillyCustomDJUITestsLaunchTests.swift */,
			);
			path = PhillyCustomDJUITests;
			sourceTree = "<group>";
		};
/* End PBXGroup section */

/* Begin PBXNativeTarget section */
		2CD4D5DB2A8EDAE6004217E0 /* PhillyCustomDJ */ = {
			isa = PBXNativeTarget;
			buildConfigurationList = 2CD4D6002A8EDAE6004217E0 /* Build configuration list for PBXNativeTarget "PhillyCustomDJ" */;
			buildPhases = (
				2CD4D5D82A8EDAE6004217E0 /* Sources */,
				2CD4D5D92A8EDAE6004217E0 /* Frameworks */,
				2CD4D5DA2A8EDAE6004217E0 /* Resources */,
			);
			buildRules = (
			);
			dependencies = (
			);
			name = PhillyCustomDJ;
			productName = PhillyCustomDJ;
			productReference = 2CD4D5DC2A8EDAE6004217E0 /* PhillyCustomDJ.app */;
			productType = "com.apple.product-type.application";
		};
		2CD4D5EB2A8EDAE6004217E0 /* PhillyCustomDJTests */ = {
			isa = PBXNativeTarget;
			buildConfigurationList = 2CD4D6032A8EDAE6004217E0 /* Build configuration list for PBXNativeTarget "PhillyCustomDJTests" */;
			buildPhases = (
				2CD4D5E82A8EDAE6004217E0 /* Sources */,
				2CD4D5E92A8EDAE6004217E0 /* Frameworks */,
				2CD4D5EA2A8EDAE6004217E0 /* Resources */,
			);
			buildRules = (
			);
			dependencies = (
				2CD4D5EE2A8EDAE6004217E0 /* PBXTargetDependency */,
			);
			name = PhillyCustomDJTests;
			productName = PhillyCustomDJTests;
			productReference = 2CD4D5EC2A8EDAE6004217E0 /* PhillyCustomDJTests.xctest */;
			productType = "com.apple.product-type.bundle.unit-test";
		};
		2CD4D5F52A8EDAE6004217E0 /* PhillyCustomDJUITests */ = {
			isa = PBXNativeTarget;
			buildConfigurationList = 2CD4D6062A8EDAE6004217E0 /* Build configuration list for PBXNativeTarget "PhillyCustomDJUITests" */;
			buildPhases = (
				2CD4D5F22A8EDAE6004217E0 /* Sources */,
				2CD4D5F32A8EDAE6004217E0 /* Frameworks */,
				2CD4D5F42A8EDAE6004217E0 /* Resources */,
			);
			buildRules = (
			);
			dependencies = (
				2CD4D5F82A8EDAE6004217E0 /* PBXTargetDependency */,
			);
			name = PhillyCustomDJUITests;
			productName = PhillyCustomDJUITests;
			productReference = 2CD4D5F62A8EDAE6004217E0 /* PhillyCustomDJUITests.xctest */;
			productType = "com.apple.product-type.bundle.ui-testing";
		};
/* End PBXNativeTarget section */

/* Begin PBXProject section */
		2CD4D5D42A8EDAE6004217E0 /* Project object */ = {
			isa = PBXProject;
			attributes = {
				BuildIndependentTargetsInParallel = 1;
				LastSwiftUpdateCheck = 1430;
				LastUpgradeCheck = 1430;
				TargetAttributes = {
					2CD4D5DB2A8EDAE6004217E0 = {
						CreatedOnToolsVersion = 14.3.1;
					};
					2CD4D5EB2A8EDAE6004217E0 = {
						CreatedOnToolsVersion = 14.3.1;
						TestTargetID = 2CD4D5DB2A8EDAE6004217E0;
					};
					2CD4D5F52A8EDAE6004217E0 = {
						CreatedOnToolsVersion = 14.3.1;
						TestTargetID = 2CD4D5DB2A8EDAE6004217E0;
					};
				};
			};
			buildConfigurationList = 2CD4D5D72A8EDAE6004217E0 /* Build configuration list for PBXProject "PhillyCustomDJ" */;
			compatibilityVersion = "Xcode 14.0";
			developmentRegion = en;
			hasScannedForEncodings = 0;
			knownRegions = (
				en,
				Base,
			);
			mainGroup = 2CD4D5D32A8EDAE6004217E0;
			productRefGroup = 2CD4D5DD2A8EDAE6004217E0 /* Products */;
			projectDirPath = "";
			projectRoot = "";
			targets = (
				2CD4D5DB2A8EDAE6004217E0 /* PhillyCustomDJ */,
				2CD4D5EB2A8EDAE6004217E0 /* PhillyCustomDJTests */,
				2CD4D5F52A8EDAE6004217E0 /* PhillyCustomDJUITests */,
			);
		};
/* End PBXProject section */

/* Begin PBXResourcesBuildPhase section */
		2CD4D5DA2A8EDAE6004217E0 /* Resources */ = {
			isa = PBXResourcesBuildPhase;
			buildActionMask = 2147483647;
			files = (
				2C67E0FA2A9159090075181A /* TwCenMT-Regular.ttf in Resources */,
				2CD4D5E72A8EDAE6004217E0 /* Preview Assets.xcassets in Resources */,
				2CD4D5E42A8EDAE6004217E0 /* Assets.xcassets in Resources */,
			);
			runOnlyForDeploymentPostprocessing = 0;
		};
		2CD4D5EA2A8EDAE6004217E0 /* Resources */ = {
			isa = PBXResourcesBuildPhase;
			buildActionMask = 2147483647;
			files = (
			);
			runOnlyForDeploymentPostprocessing = 0;
		};
		2CD4D5F42A8EDAE6004217E0 /* Resources */ = {
			isa = PBXResourcesBuildPhase;
			buildActionMask = 2147483647;
			files = (
			);
			runOnlyForDeploymentPostprocessing = 0;
		};
/* End PBXResourcesBuildPhase section */

/* Begin PBXSourcesBuildPhase section */
		2CD4D5D82A8EDAE6004217E0 /* Sources */ = {
			isa = PBXSourcesBuildPhase;
			buildActionMask = 2147483647;
			files = (
				2CD4D60A2A8EDDB5004217E0 /* CocktailView.swift in Sources */,
				2CD4D5E22A8EDAE6004217E0 /* ContentView.swift in Sources */,
				2CD4D5E02A8EDAE6004217E0 /* PhillyCustomDJApp.swift in Sources */,
				2CD4D60C2A8EDEFC004217E0 /* EventView.swift in Sources */,
			);
			runOnlyForDeploymentPostprocessing = 0;
		};
		2CD4D5E82A8EDAE6004217E0 /* Sources */ = {
			isa = PBXSourcesBuildPhase;
			buildActionMask = 2147483647;
			files = (
				2CD4D5F12A8EDAE6004217E0 /* PhillyCustomDJTests.swift in Sources */,
			);
			runOnlyForDeploymentPostprocessing = 0;
		};
		2CD4D5F22A8EDAE6004217E0 /* Sources */ = {
			isa = PBXSourcesBuildPhase;
			buildActionMask = 2147483647;
			files = (
				2CD4D5FB2A8EDAE6004217E0 /* PhillyCustomDJUITests.swift in Sources */,
				2CD4D5FD2A8EDAE6004217E0 /* PhillyCustomDJUITestsLaunchTests.swift in Sources */,
			);
			runOnlyForDeploymentPostprocessing = 0;
		};
/* End PBXSourcesBuildPhase section */

/* Begin PBXTargetDependency section */
		2CD4D5EE2A8EDAE6004217E0 /* PBXTargetDependency */ = {
			isa = PBXTargetDependency;
			target = 2CD4D5DB2A8EDAE6004217E0 /* PhillyCustomDJ */;
			targetProxy = 2CD4D5ED2A8EDAE6004217E0 /* PBXContainerItemProxy */;
		};
		2CD4D5F82A8EDAE6004217E0 /* PBXTargetDependency */ = {
			isa = PBXTargetDependency;
			target = 2CD4D5DB2A8EDAE6004217E0 /* PhillyCustomDJ */;
			targetProxy = 2CD4D5F72A8EDAE6004217E0 /* PBXContainerItemProxy */;
		};
/* End PBXTargetDependency section */

/* Begin XCBuildConfiguration section */
		2CD4D5FE2A8EDAE6004217E0 /* Debug */ = {
			isa = XCBuildConfiguration;
			buildSettings = {
				ALWAYS_SEARCH_USER_PATHS = NO;
				CLANG_ANALYZER_NONNULL = YES;
				CLANG_ANALYZER_NUMBER_OBJECT_CONVERSION = YES_AGGRESSIVE;
				CLANG_CXX_LANGUAGE_STANDARD = "gnu++20";
				CLANG_ENABLE_MODULES = YES;
				CLANG_ENABLE_OBJC_ARC = YES;
				CLANG_ENABLE_OBJC_WEAK = YES;
				CLANG_WARN_BLOCK_CAPTURE_AUTORELEASING = YES;
				CLANG_WARN_BOOL_CONVERSION = YES;
				CLANG_WARN_COMMA = YES;
				CLANG_WARN_CONSTANT_CONVERSION = YES;
				CLANG_WARN_DEPRECATED_OBJC_IMPLEMENTATIONS = YES;
				CLANG_WARN_DIRECT_OBJC_ISA_USAGE = YES_ERROR;
				CLANG_WARN_DOCUMENTATION_COMMENTS = YES;
				CLANG_WARN_EMPTY_BODY = YES;
				CLANG_WARN_ENUM_CONVERSION = YES;
				CLANG_WARN_INFINITE_RECURSION = YES;
				CLANG_WARN_INT_CONVERSION = YES;
				CLANG_WARN_NON_LITERAL_NULL_CONVERSION = YES;
				CLANG_WARN_OBJC_IMPLICIT_RETAIN_SELF = YES;
				CLANG_WARN_OBJC_LITERAL_CONVERSION = YES;
				CLANG_WARN_OBJC_ROOT_CLASS = YES_ERROR;
				CLANG_WARN_QUOTED_INCLUDE_IN_FRAMEWORK_HEADER = YES;
				CLANG_WARN_RANGE_LOOP_ANALYSIS = YES;
				CLANG_WARN_STRICT_PROTOTYPES = YES;
				CLANG_WARN_SUSPICIOUS_MOVE = YES;
				CLANG_WARN_UNGUARDED_AVAILABILITY = YES_AGGRESSIVE;
				CLANG_WARN_UNREACHABLE_CODE = YES;
				CLANG_WARN__DUPLICATE_METHOD_MATCH = YES;
				COPY_PHASE_STRIP = NO;
				DEBUG_INFORMATION_FORMAT = dwarf;
				ENABLE_STRICT_OBJC_MSGSEND = YES;
				ENABLE_TESTABILITY = YES;
				GCC_C_LANGUAGE_STANDARD = gnu11;
				GCC_DYNAMIC_NO_PIC = NO;
				GCC_NO_COMMON_BLOCKS = YES;
				GCC_OPTIMIZATION_LEVEL = 0;
				GCC_PREPROCESSOR_DEFINITIONS = (
					"DEBUG=1",
					"$(inherited)",
				);
				GCC_WARN_64_TO_32_BIT_CONVERSION = YES;
				GCC_WARN_ABOUT_RETURN_TYPE = YES_ERROR;
				GCC_WARN_UNDECLARED_SELECTOR = YES;
				GCC_WARN_UNINITIALIZED_AUTOS = YES_AGGRESSIVE;
				GCC_WARN_UNUSED_FUNCTION = YES;
				GCC_WARN_UNUSED_VARIABLE = YES;
				IPHONEOS_DEPLOYMENT_TARGET = 16.0;
				MTL_ENABLE_DEBUG_INFO = INCLUDE_SOURCE;
				MTL_FAST_MATH = YES;
				ONLY_ACTIVE_ARCH = YES;
				SDKROOT = iphoneos;
				SWIFT_ACTIVE_COMPILATION_CONDITIONS = DEBUG;
				SWIFT_OPTIMIZATION_LEVEL = "-Onone";
			};
			name = Debug;
		};
		2CD4D5FF2A8EDAE6004217E0 /* Release */ = {
			isa = XCBuildConfiguration;
			buildSettings = {
				ALWAYS_SEARCH_USER_PATHS = NO;
				CLANG_ANALYZER_NONNULL = YES;
				CLANG_ANALYZER_NUMBER_OBJECT_CONVERSION = YES_AGGRESSIVE;
				CLANG_CXX_LANGUAGE_STANDARD = "gnu++20";
				CLANG_ENABLE_MODULES = YES;
				CLANG_ENABLE_OBJC_ARC = YES;
				CLANG_ENABLE_OBJC_WEAK = YES;
				CLANG_WARN_BLOCK_CAPTURE_AUTORELEASING = YES;
				CLANG_WARN_BOOL_CONVERSION = YES;
				CLANG_WARN_COMMA = YES;
				CLANG_WARN_CONSTANT_CONVERSION = YES;
				CLANG_WARN_DEPRECATED_OBJC_IMPLEMENTATIONS = YES;
				CLANG_WARN_DIRECT_OBJC_ISA_USAGE = YES_ERROR;
				CLANG_WARN_DOCUMENTATION_COMMENTS = YES;
				CLANG_WARN_EMPTY_BODY = YES;
				CLANG_WARN_ENUM_CONVERSION = YES;
				CLANG_WARN_INFINITE_RECURSION = YES;
				CLANG_WARN_INT_CONVERSION = YES;
				CLANG_WARN_NON_LITERAL_NULL_CONVERSION = YES;
				CLANG_WARN_OBJC_IMPLICIT_RETAIN_SELF = YES;
				CLANG_WARN_OBJC_LITERAL_CONVERSION = YES;
				CLANG_WARN_OBJC_ROOT_CLASS = YES_ERROR;
				CLANG_WARN_QUOTED_INCLUDE_IN_FRAMEWORK_HEADER = YES;
				CLANG_WARN_RANGE_LOOP_ANALYSIS = YES;
				CLANG_WARN_STRICT_PROTOTYPES = YES;
				CLANG_WARN_SUSPICIOUS_MOVE = YES;
				CLANG_WARN_UNGUARDED_AVAILABILITY = YES_AGGRESSIVE;
				CLANG_WARN_UNREACHABLE_CODE = YES;
				CLANG_WARN__DUPLICATE_METHOD_MATCH = YES;
				COPY_PHASE_STRIP = NO;
				DEBUG_INFORMATION_FORMAT = "dwarf-with-dsym";
				ENABLE_NS_ASSERTIONS = NO;
				ENABLE_STRICT_OBJC_MSGSEND = YES;
				GCC_C_LANGUAGE_STANDARD = gnu11;
				GCC_NO_COMMON_BLOCKS = YES;
				GCC_WARN_64_TO_32_BIT_CONVERSION = YES;
				GCC_WARN_ABOUT_RETURN_TYPE = YES_ERROR;
				GCC_WARN_UNDECLARED_SELECTOR = YES;
				GCC_WARN_UNINITIALIZED_AUTOS = YES_AGGRESSIVE;
				GCC_WARN_UNUSED_FUNCTION = YES;
				GCC_WARN_UNUSED_VARIABLE = YES;
				IPHONEOS_DEPLOYMENT_TARGET = 16.0;
				MTL_ENABLE_DEBUG_INFO = NO;
				MTL_FAST_MATH = YES;
				SDKROOT = iphoneos;
				SWIFT_COMPILATION_MODE = wholemodule;
				SWIFT_OPTIMIZATION_LEVEL = "-O";
				VALIDATE_PRODUCT = YES;
			};
			name = Release;
		};
		2CD4D6012A8EDAE6004217E0 /* Debug */ = {
			isa = XCBuildConfiguration;
			buildSettings = {
				ASSETCATALOG_COMPILER_APPICON_NAME = AppIcon;
				ASSETCATALOG_COMPILER_GLOBAL_ACCENT_COLOR_NAME = AccentColor;
				CODE_SIGN_STYLE = Automatic;
				CURRENT_PROJECT_VERSION = 1;
				DEVELOPMENT_ASSET_PATHS = "\"PhillyCustomDJ/Preview Content\"";
				ENABLE_PREVIEWS = YES;
				GENERATE_INFOPLIST_FILE = YES;
				INFOPLIST_FILE = PhillyCustomDJ/Info.plist;
				INFOPLIST_KEY_UIApplicationSceneManifest_Generation = YES;
				INFOPLIST_KEY_UIApplicationSupportsIndirectInputEvents = YES;
				INFOPLIST_KEY_UILaunchScreen_Generation = YES;
				INFOPLIST_KEY_UISupportedInterfaceOrientations_iPad = "UIInterfaceOrientationPortrait UIInterfaceOrientationPortraitUpsideDown UIInterfaceOrientationLandscapeLeft UIInterfaceOrientationLandscapeRight";
				INFOPLIST_KEY_UISupportedInterfaceOrientations_iPhone = "UIInterfaceOrientationPortrait UIInterfaceOrientationLandscapeLeft UIInterfaceOrientationLandscapeRight";
				LD_RUNPATH_SEARCH_PATHS = (
					"$(inherited)",
					"@executable_path/Frameworks",
				);
				MARKETING_VERSION = 1.0;
				PRODUCT_BUNDLE_IDENTIFIER = volin.dev.PhillyCustomDJ;
				PRODUCT_NAME = "$(TARGET_NAME)";
				SWIFT_EMIT_LOC_STRINGS = YES;
				SWIFT_VERSION = 5.0;
				TARGETED_DEVICE_FAMILY = "1,2";
			};
			name = Debug;
		};
		2CD4D6022A8EDAE6004217E0 /* Release */ = {
			isa = XCBuildConfiguration;
			buildSettings = {
				ASSETCATALOG_COMPILER_APPICON_NAME = AppIcon;
				ASSETCATALOG_COMPILER_GLOBAL_ACCENT_COLOR_NAME = AccentColor;
				CODE_SIGN_STYLE = Automatic;
				CURRENT_PROJECT_VERSION = 1;
				DEVELOPMENT_ASSET_PATHS = "\"PhillyCustomDJ/Preview Content\"";
				ENABLE_PREVIEWS = YES;
				GENERATE_INFOPLIST_FILE = YES;
				INFOPLIST_FILE = PhillyCustomDJ/Info.plist;
				INFOPLIST_KEY_UIApplicationSceneManifest_Generation = YES;
				INFOPLIST_KEY_UIApplicationSupportsIndirectInputEvents = YES;
				INFOPLIST_KEY_UILaunchScreen_Generation = YES;
				INFOPLIST_KEY_UISupportedInterfaceOrientations_iPad = "UIInterfaceOrientationPortrait UIInterfaceOrientationPortraitUpsideDown UIInterfaceOrientationLandscapeLeft UIInterfaceOrientationLandscapeRight";
				INFOPLIST_KEY_UISupportedInterfaceOrientations_iPhone = "UIInterfaceOrientationPortrait UIInterfaceOrientationLandscapeLeft UIInterfaceOrientationLandscapeRight";
				LD_RUNPATH_SEARCH_PATHS = (
					"$(inherited)",
					"@executable_path/Frameworks",
				);
				MARKETING_VERSION = 1.0;
				PRODUCT_BUNDLE_IDENTIFIER = volin.dev.PhillyCustomDJ;
				PRODUCT_NAME = "$(TARGET_NAME)";
				SWIFT_EMIT_LOC_STRINGS = YES;
				SWIFT_VERSION = 5.0;
				TARGETED_DEVICE_FAMILY = "1,2";
			};
			name = Release;
		};
		2CD4D6042A8EDAE6004217E0 /* Debug */ = {
			isa = XCBuildConfiguration;
			buildSettings = {
				ALWAYS_EMBED_SWIFT_STANDARD_LIBRARIES = YES;
				BUNDLE_LOADER = "$(TEST_HOST)";
				CODE_SIGN_STYLE = Automatic;
				CURRENT_PROJECT_VERSION = 1;
				GENERATE_INFOPLIST_FILE = YES;
				IPHONEOS_DEPLOYMENT_TARGET = 16.4;
				MARKETING_VERSION = 1.0;
				PRODUCT_BUNDLE_IDENTIFIER = volin.dev.PhillyCustomDJTests;
				PRODUCT_NAME = "$(TARGET_NAME)";
				SWIFT_EMIT_LOC_STRINGS = NO;
				SWIFT_VERSION = 5.0;
				TARGETED_DEVICE_FAMILY = "1,2";
				TEST_HOST = "$(BUILT_PRODUCTS_DIR)/PhillyCustomDJ.app/$(BUNDLE_EXECUTABLE_FOLDER_PATH)/PhillyCustomDJ";
			};
			name = Debug;
		};
		2CD4D6052A8EDAE6004217E0 /* Release */ = {
			isa = XCBuildConfiguration;
			buildSettings = {
				ALWAYS_EMBED_SWIFT_STANDARD_LIBRARIES = YES;
				BUNDLE_LOADER = "$(TEST_HOST)";
				CODE_SIGN_STYLE = Automatic;
				CURRENT_PROJECT_VERSION = 1;
				GENERATE_INFOPLIST_FILE = YES;
				IPHONEOS_DEPLOYMENT_TARGET = 16.4;
				MARKETING_VERSION = 1.0;
				PRODUCT_BUNDLE_IDENTIFIER = volin.dev.PhillyCustomDJTests;
				PRODUCT_NAME = "$(TARGET_NAME)";
				SWIFT_EMIT_LOC_STRINGS = NO;
				SWIFT_VERSION = 5.0;
				TARGETED_DEVICE_FAMILY = "1,2";
				TEST_HOST = "$(BUILT_PRODUCTS_DIR)/PhillyCustomDJ.app/$(BUNDLE_EXECUTABLE_FOLDER_PATH)/PhillyCustomDJ";
			};
			name = Release;
		};
		2CD4D6072A8EDAE6004217E0 /* Debug */ = {
			isa = XCBuildConfiguration;
			buildSettings = {
				ALWAYS_EMBED_SWIFT_STANDARD_LIBRARIES = YES;
				CODE_SIGN_STYLE = Automatic;
				CURRENT_PROJECT_VERSION = 1;
				GENERATE_INFOPLIST_FILE = YES;
				MARKETING_VERSION = 1.0;
				PRODUCT_BUNDLE_IDENTIFIER = volin.dev.PhillyCustomDJUITests;
				PRODUCT_NAME = "$(TARGET_NAME)";
				SWIFT_EMIT_LOC_STRINGS = NO;
				SWIFT_VERSION = 5.0;
				TARGETED_DEVICE_FAMILY = "1,2";
				TEST_TARGET_NAME = PhillyCustomDJ;
			};
			name = Debug;
		};
		2CD4D6082A8EDAE6004217E0 /* Release */ = {
			isa = XCBuildConfiguration;
			buildSettings = {
				ALWAYS_EMBED_SWIFT_STANDARD_LIBRARIES = YES;
				CODE_SIGN_STYLE = Automatic;
				CURRENT_PROJECT_VERSION = 1;
				GENERATE_INFOPLIST_FILE = YES;
				MARKETING_VERSION = 1.0;
				PRODUCT_BUNDLE_IDENTIFIER = volin.dev.PhillyCustomDJUITests;
				PRODUCT_NAME = "$(TARGET_NAME)";
				SWIFT_EMIT_LOC_STRINGS = NO;
				SWIFT_VERSION = 5.0;
				TARGETED_DEVICE_FAMILY = "1,2";
				TEST_TARGET_NAME = PhillyCustomDJ;
			};
			name = Release;
		};
/* End XCBuildConfiguration section */

/* Begin XCConfigurationList section */
		2CD4D5D72A8EDAE6004217E0 /* Build configuration list for PBXProject "PhillyCustomDJ" */ = {
			isa = XCConfigurationList;
			buildConfigurations = (
				2CD4D5FE2A8EDAE6004217E0 /* Debug */,
				2CD4D5FF2A8EDAE6004217E0 /* Release */,
			);
			defaultConfigurationIsVisible = 0;
			defaultConfigurationName = Release;
		};
		2CD4D6002A8EDAE6004217E0 /* Build configuration list for PBXNativeTarget "PhillyCustomDJ" */ = {
			isa = XCConfigurationList;
			buildConfigurations = (
				2CD4D6012A8EDAE6004217E0 /* Debug */,
				2CD4D6022A8EDAE6004217E0 /* Release */,
			);
			defaultConfigurationIsVisible = 0;
			defaultConfigurationName = Release;
		};
		2CD4D6032A8EDAE6004217E0 /* Build configuration list for PBXNativeTarget "PhillyCustomDJTests" */ = {
			isa = XCConfigurationList;
			buildConfigurations = (
				2CD4D6042A8EDAE6004217E0 /* Debug */,
				2CD4D6052A8EDAE6004217E0 /* Release */,
			);
			defaultConfigurationIsVisible = 0;
			defaultConfigurationName = Release;
		};
		2CD4D6062A8EDAE6004217E0 /* Build configuration list for PBXNativeTarget "PhillyCustomDJUITests" */ = {
			isa = XCConfigurationList;
			buildConfigurations = (
				2CD4D6072A8EDAE6004217E0 /* Debug */,
				2CD4D6082A8EDAE6004217E0 /* Release */,
			);
			defaultConfigurationIsVisible = 0;
			defaultConfigurationName = Release;
		};
/* End XCConfigurationList section */
	};
	rootObject = 2CD4D5D42A8EDAE6004217E0 /* Project object */;
}
